PODS:
  - DIOSDK (4.7.5):
    - DIOSDK/Full (= 4.7.5)
  - DIOSDK/Core (4.7.5)
  - DIOSDK/Full (4.7.5):
    - DIOSDK/Core
    - FBAudienceNetwork
  - FBAudienceNetwork (6.21.1)

DEPENDENCIES:
  - DIOSDK (= 4.7.5)

SPEC REPOS:
  trunk:
    - DIOSDK
    - FBAudienceNetwork

SPEC CHECKSUMS:
  DIOSDK: e91127144a05b10eda631eb4b1b1e05dff226293
  FBAudienceNetwork: 85d18a65c9e35bc426bd4664cf3ae2a1172d7b60

PODFILE CHECKSUM: ac8db0c702c2d9e33e98ca42a3d46e54956fa2fa

COCOAPODS: 1.16.2
