PODS:
  - DIOSDK (4.8.0):
    - DIOSDK/Full (= 4.8.0)
  - DIOSDK/Core (4.8.0)
  - DIOSDK/Full (4.8.0):
    - DIOSDK/Core
    - FBAudienceNetwork
  - FBAudienceNetwork (6.22.0)

DEPENDENCIES:
  - DIOSDK (= 4.8.0)

SPEC REPOS:
  trunk:
    - DIOSDK
    - FBAudienceNetwork

SPEC CHECKSUMS:
  DIOSDK: d2eb3b8229e195faa7f330ef5084dc567d340274
  FBAudienceNetwork: b05c65487114aa3bf3a68e865c60937a9fb03b69

PODFILE CHECKSUM: 066c78e64cc0742e61622b84a650b63682a4b7b2

COCOAPODS: 1.16.2
